github.com/grokify/prism-roadmap v0.17.0 h1:xsM+LDffaocNQQ4cdYlchJ7565fj+0PGIBte1me4dgU=
github.com/grokify/prism-roadmap v0.17.0/go.mod h1:B3XMoton1box8nhTk/i9TcG+tPouz2tbbUUi3I7mvzo=
github.com/plexusone/structured-evaluation v0.14.0 h1:gACNOB//bGD78F8WQlUhCtfBNY4FcRPxcLsbEWGzBc0=
github.com/plexusone/structured-evaluation v0.14.0/go.mod h1:C7/anlUnYBxXMGRggHD7f2eQ+6ejXvXEIsCadG/D1kg=
gopkg.in/check.v1 v0.0.0-20161208181325-20d25e280405 h1:yhCVgyC4o1eVCa2tZl7eS0r+SDo693bJlVdllGtEeKM=
gopkg.in/check.v1 v0.0.0-20161208181325-20d25e280405/go.mod h1:Co6ibVJAznAaIkqp8huTwlJQCZ016jof/cbN4VW5Yz0=
gopkg.in/yaml.v3 v3.0.1 h1:fxVm/GzAzEWqLHuvctI91KS9hhNmmWOoWu0XTYJS7CA=
gopkg.in/yaml.v3 v3.0.1/go.mod h1:K4uyk7z7BCEPqu6E+C64Yfv1cQ7kz7rIZviUmN+EgEM=
